// !$*UTF8*$!
{
	archiveVersion = 1;
	classes = {
	};
	objectVersion = 48;
	objects = {

/* Begin PBXBuildFile section */
		17818BAE1FBE72CE001272F1 /* DetailViewController.swift in Sources */ = {isa = PBXBuildFile; fileRef = 17818BAD1FBE72CE001272F1 /* DetailViewController.swift */; };
		1792C23F1FBB31E00017A167 /* GoogleService-Info.plist in Resources */ = {isa = PBXBuildFile; fileRef = 1792C23E1FBB31E00017A167 /* GoogleService-Info.plist */; };
		17B517791FBB0DB700BB4DC0 /* AppDelegate.swift in Sources */ = {isa = PBXBuildFile; fileRef = 17B517781FBB0DB700BB4DC0 /* AppDelegate.swift */; };
		17B5177B1FBB0DB700BB4DC0 /* ViewController.swift in Sources */ = {isa = PBXBuildFile; fileRef = 17B5177A1FBB0DB700BB4DC0 /* ViewController.swift */; };
		17B5177E1FBB0DB700BB4DC0 /* Main.storyboard in Resources */ = {isa = PBXBuildFile; fileRef = 17B5177C1FBB0DB700BB4DC0 /* Main.storyboard */; };
		17B517801FBB0DB700BB4DC0 /* Assets.xcassets in Resources */ = {isa = PBXBuildFile; fileRef = 17B5177F1FBB0DB700BB4DC0 /* Assets.xcassets */; };
		17B517831FBB0DB700BB4DC0 /* LaunchScreen.storyboard in Resources */ = {isa = PBXBuildFile; fileRef = 17B517811FBB0DB700BB4DC0 /* LaunchScreen.storyboard */; };
		17F507221FC2082000EA1833 /* WeatherDataModel.swift in Sources */ = {isa = PBXBuildFile; fileRef = 17F507211FC2082000EA1833 /* WeatherDataModel.swift */; };
		C4EC2A64AD61B24FCF8E8534 /* Pods_WeatherFive.framework in Frameworks */ = {isa = PBXBuildFile; fileRef = 654057140C7CDF172C65794A /* Pods_WeatherFive.framework */; };
/* End PBXBuildFile section */

/* Begin PBXFileReference section */
		17818BAD1FBE72CE001272F1 /* DetailViewController.swift */ = {isa = PBXFileReference; lastKnownFileType = sourcecode.swift; path = DetailViewController.swift; sourceTree = "<group>"; };
		1792C23E1FBB31E00017A167 /* GoogleService-Info.plist */ = {isa = PBXFileReference; fileEncoding = 4; lastKnownFileType = text.plist.xml; path = "GoogleService-Info.plist"; sourceTree = "<group>"; };
		17B517751FBB0DB600BB4DC0 /* WeatherFive.app */ = {isa = PBXFileReference; explicitFileType = wrapper.application; includeInIndex = 0; path = WeatherFive.app; sourceTree = BUILT_PRODUCTS_DIR; };
		17B517781FBB0DB700BB4DC0 /* AppDelegate.swift */ = {isa = PBXFileReference; lastKnownFileType = sourcecode.swift; path = AppDelegate.swift; sourceTree = "<group>"; };
		17B5177A1FBB0DB700BB4DC0 /* ViewController.swift */ = {isa = PBXFileReference; lastKnownFileType = sourcecode.swift; path = ViewController.swift; sourceTree = "<group>"; };
		17B5177D1FBB0DB700BB4DC0 /* Base */ = {isa = PBXFileReference; lastKnownFileType = file.storyboard; name = Base; path = Base.lproj/Main.storyboard; sourceTree = "<group>"; };
		17B5177F1FBB0DB700BB4DC0 /* Assets.xcassets */ = {isa = PBXFileReference; lastKnownFileType = folder.assetcatalog; path = Assets.xcassets; sourceTree = "<group>"; };
		17B517821FBB0DB700BB4DC0 /* Base */ = {isa = PBXFileReference; lastKnownFileType = file.storyboard; name = Base; path = Base.lproj/LaunchScreen.storyboard; sourceTree = "<group>"; };
		17B517841FBB0DB700BB4DC0 /* Info.plist */ = {isa = PBXFileReference; lastKnownFileType = text.plist.xml; path = Info.plist; sourceTree = "<group>"; };
		17F507211FC2082000EA1833 /* WeatherDataModel.swift */ = {isa = PBXFileReference; lastKnownFileType = sourcecode.swift; path = WeatherDataModel.swift; sourceTree = "<group>"; };
		654057140C7CDF172C65794A /* Pods_WeatherFive.framework */ = {isa = PBXFileReference; explicitFileType = wrapper.framework; includeInIndex = 0; path = Pods_WeatherFive.framework; sourceTree = BUILT_PRODUCTS_DIR; };
		7926551FCBF62EF017943271 /* Pods-WeatherFive.debug.xcconfig */ = {isa = PBXFileReference; includeInIndex = 1; lastKnownFileType = text.xcconfig; name = "Pods-WeatherFive.debug.xcconfig"; path = "Pods/Target Support Files/Pods-WeatherFive/Pods-WeatherFive.debug.xcconfig"; sourceTree = "<group>"; };
		E5A153755AC9CF5D778C45CC /* Pods-WeatherFive.release.xcconfig */ = {isa = PBXFileReference; includeInIndex = 1; lastKnownFileType = text.xcconfig; name = "Pods-WeatherFive.release.xcconfig"; path = "Pods/Target Support Files/Pods-WeatherFive/Pods-WeatherFive.release.xcconfig"; sourceTree = "<group>"; };
/* End PBXFileReference section */

/* Begin PBXFrameworksBuildPhase section */
		17B517721FBB0DB600BB4DC0 /* Frameworks */ = {
			isa = PBXFrameworksBuildPhase;
			buildActionMask = 2147483647;
			files = (
				C4EC2A64AD61B24FCF8E8534 /* Pods_WeatherFive.framework in Frameworks */,
			);
			runOnlyForDeploymentPostprocessing = 0;
		};
/* End PBXFrameworksBuildPhase section */

/* Begin PBXGroup section */
		17B5176C1FBB0DB600BB4DC0 = {
			isa = PBXGroup;
			children = (
				17B517771FBB0DB600BB4DC0 /* WeatherFive */,
				17B517761FBB0DB600BB4DC0 /* Products */,
				DCC0822DE9301A4F18360D81 /* Pods */,
				5E4AD9A746B20F21B2B79E1B /* Frameworks */,
			);
			sourceTree = "<group>";
		};
		17B517761FBB0DB600BB4DC0 /* Products */ = {
			isa = PBXGroup;
			children = (
				17B517751FBB0DB600BB4DC0 /* WeatherFive.app */,
			);
			name = Products;
			sourceTree = "<group>";
		};
		17B517771FBB0DB600BB4DC0 /* WeatherFive */ = {
			isa = PBXGroup;
			children = (
				17F5071E1FC206C300EA1833 /* Model */,
				17F5071F1FC206D500EA1833 /* View */,
				17F507201FC206DD00EA1833 /* Controller */,
				17B5177F1FBB0DB700BB4DC0 /* Assets.xcassets */,
				17B517811FBB0DB700BB4DC0 /* LaunchScreen.storyboard */,
				17B517841FBB0DB700BB4DC0 /* Info.plist */,
				1792C23E1FBB31E00017A167 /* GoogleService-Info.plist */,
			);
			path = WeatherFive;
			sourceTree = "<group>";
		};
		17F5071E1FC206C300EA1833 /* Model */ = {
			isa = PBXGroup;
			children = (
				17F507211FC2082000EA1833 /* WeatherDataModel.swift */,
			);
			path = Model;
			sourceTree = "<group>";
		};
		17F5071F1FC206D500EA1833 /* View */ = {
			isa = PBXGroup;
			children = (
				17B5177C1FBB0DB700BB4DC0 /* Main.storyboard */,
			);
			path = View;
			sourceTree = "<group>";
		};
		17F507201FC206DD00EA1833 /* Controller */ = {
			isa = PBXGroup;
			children = (
				17B517781FBB0DB700BB4DC0 /* AppDelegate.swift */,
				17B5177A1FBB0DB700BB4DC0 /* ViewController.swift */,
				17818BAD1FBE72CE001272F1 /* DetailViewController.swift */,
			);
			path = Controller;
			sourceTree = "<group>";
		};
		5E4AD9A746B20F21B2B79E1B /* Frameworks */ = {
			isa = PBXGroup;
			children = (
				654057140C7CDF172C65794A /* Pods_WeatherFive.framework */,
			);
			name = Frameworks;
			sourceTree = "<group>";
		};
		DCC0822DE9301A4F18360D81 /* Pods */ = {
			isa = PBXGroup;
			children = (
				7926551FCBF62EF017943271 /* Pods-WeatherFive.debug.xcconfig */,
				E5A153755AC9CF5D778C45CC /* Pods-WeatherFive.release.xcconfig */,
			);
			name = Pods;
			sourceTree = "<group>";
		};
/* End PBXGroup section */

/* Begin PBXNativeTarget section */
		17B517741FBB0DB600BB4DC0 /* WeatherFive */ = {
			isa = PBXNativeTarget;
			buildConfigurationList = 17B517871FBB0DB700BB4DC0 /* Build configuration list for PBXNativeTarget "WeatherFive" */;
			buildPhases = (
				D15BD86C63820B4C5C275A7E /* [CP] Check Pods Manifest.lock */,
				17B517711FBB0DB600BB4DC0 /* Sources */,
				17B517721FBB0DB600BB4DC0 /* Frameworks */,
				17B517731FBB0DB600BB4DC0 /* Resources */,
				D2C63405F154DAB4D69D7332 /* [CP] Embed Pods Frameworks */,
				999066C0FF93DB5E6A30E607 /* [CP] Copy Pods Resources */,
			);
			buildRules = (
			);
			dependencies = (
			);
			name = WeatherFive;
			productName = WeatherFive;
			productReference = 17B517751FBB0DB600BB4DC0 /* WeatherFive.app */;
			productType = "com.apple.product-type.application";
		};
/* End PBXNativeTarget section */

/* Begin PBXProject section */
		17B5176D1FBB0DB600BB4DC0 /* Project object */ = {
			isa = PBXProject;
			attributes = {
				LastSwiftUpdateCheck = 0910;
				LastUpgradeCheck = 0910;
				ORGANIZATIONNAME = "Nikolas Omelianov";
				TargetAttributes = {
					17B517741FBB0DB600BB4DC0 = {
						CreatedOnToolsVersion = 9.1;
						ProvisioningStyle = Automatic;
					};
				};
			};
			buildConfigurationList = 17B517701FBB0DB600BB4DC0 /* Build configuration list for PBXProject "WeatherFive" */;
			compatibilityVersion = "Xcode 8.0";
			developmentRegion = en;
			hasScannedForEncodings = 0;
			knownRegions = (
				en,
				Base,
			);
			mainGroup = 17B5176C1FBB0DB600BB4DC0;
			productRefGroup = 17B517761FBB0DB600BB4DC0 /* Products */;
			projectDirPath = "";
			projectRoot = "";
			targets = (
				17B517741FBB0DB600BB4DC0 /* WeatherFive */,
			);
		};
/* End PBXProject section */

/* Begin PBXResourcesBuildPhase section */
		17B517731FBB0DB600BB4DC0 /* Resources */ = {
			isa = PBXResourcesBuildPhase;
			buildActionMask = 2147483647;
			files = (
				17B517831FBB0DB700BB4DC0 /* LaunchScreen.storyboard in Resources */,
				1792C23F1FBB31E00017A167 /* GoogleService-Info.plist in Resources */,
				17B517801FBB0DB700BB4DC0 /* Assets.xcassets in Resources */,
				17B5177E1FBB0DB700BB4DC0 /* Main.storyboard in Resources */,
			);
			runOnlyForDeploymentPostprocessing = 0;
		};
/* End PBXResourcesBuildPhase section */

/* Begin PBXShellScriptBuildPhase section */
		999066C0FF93DB5E6A30E607 /* [CP] Copy Pods Resources */ = {
			isa = PBXShellScriptBuildPhase;
			buildActionMask = 2147483647;
			files = (
			);
			inputPaths = (
			);
			name = "[CP] Copy Pods Resources";
			outputPaths = (
			);
			runOnlyForDeploymentPostprocessing = 0;
			shellPath = /bin/sh;
			shellScript = "\"${SRCROOT}/Pods/Target Support Files/Pods-WeatherFive/Pods-WeatherFive-resources.sh\"\n";
			showEnvVarsInLog = 0;
		};
		D15BD86C63820B4C5C275A7E /* [CP] Check Pods Manifest.lock */ = {
			isa = PBXShellScriptBuildPhase;
			buildActionMask = 2147483647;
			files = (
			);
			inputPaths = (
				"${PODS_PODFILE_DIR_PATH}/Podfile.lock",
				"${PODS_ROOT}/Manifest.lock",
			);
			name = "[CP] Check Pods Manifest.lock";
			outputPaths = (
				"$(DERIVED_FILE_DIR)/Pods-WeatherFive-checkManifestLockResult.txt",
			);
			runOnlyForDeploymentPostprocessing = 0;
			shellPath = /bin/sh;
			shellScript = "diff \"${PODS_PODFILE_DIR_PATH}/Podfile.lock\" \"${PODS_ROOT}/Manifest.lock\" > /dev/null\nif [ $? != 0 ] ; then\n    # print error to STDERR\n    echo \"error: The sandbox is not in sync with the Podfile.lock. Run 'pod install' or update your CocoaPods installation.\" >&2\n    exit 1\nfi\n# This output is used by Xcode 'outputs' to avoid re-running this script phase.\necho \"SUCCESS\" > \"${SCRIPT_OUTPUT_FILE_0}\"\n";
			showEnvVarsInLog = 0;
		};
		D2C63405F154DAB4D69D7332 /* [CP] Embed Pods Frameworks */ = {
			isa = PBXShellScriptBuildPhase;
			buildActionMask = 2147483647;
			files = (
			);
			inputPaths = (
				"${SRCROOT}/Pods/Target Support Files/Pods-WeatherFive/Pods-WeatherFive-frameworks.sh",
				"${BUILT_PRODUCTS_DIR}/Alamofire/Alamofire.framework",
				"${BUILT_PRODUCTS_DIR}/GTMSessionFetcher/GTMSessionFetcher.framework",
				"${BUILT_PRODUCTS_DIR}/GoogleToolboxForMac/GoogleToolboxForMac.framework",
				"${BUILT_PRODUCTS_DIR}/SwiftyJSON/SwiftyJSON.framework",
				"${BUILT_PRODUCTS_DIR}/leveldb-library/leveldb.framework",
				"${BUILT_PRODUCTS_DIR}/nanopb/nanopb.framework",
			);
			name = "[CP] Embed Pods Frameworks";
			outputPaths = (
				"${TARGET_BUILD_DIR}/${FRAMEWORKS_FOLDER_PATH}/Alamofire.framework",
				"${TARGET_BUILD_DIR}/${FRAMEWORKS_FOLDER_PATH}/GTMSessionFetcher.framework",
				"${TARGET_BUILD_DIR}/${FRAMEWORKS_FOLDER_PATH}/GoogleToolboxForMac.framework",
				"${TARGET_BUILD_DIR}/${FRAMEWORKS_FOLDER_PATH}/SwiftyJSON.framework",
				"${TARGET_BUILD_DIR}/${FRAMEWORKS_FOLDER_PATH}/leveldb.framework",
				"${TARGET_BUILD_DIR}/${FRAMEWORKS_FOLDER_PATH}/nanopb.framework",
			);
			runOnlyForDeploymentPostprocessing = 0;
			shellPath = /bin/sh;
			shellScript = "\"${SRCROOT}/Pods/Target Support Files/Pods-WeatherFive/Pods-WeatherFive-frameworks.sh\"\n";
			showEnvVarsInLog = 0;
		};
/* End PBXShellScriptBuildPhase section */

/* Begin PBXSourcesBuildPhase section */
		17B517711FBB0DB600BB4DC0 /* Sources */ = {
			isa = PBXSourcesBuildPhase;
			buildActionMask = 2147483647;
			files = (
				17F507221FC2082000EA1833 /* WeatherDataModel.swift in Sources */,
				17818BAE1FBE72CE001272F1 /* DetailViewController.swift in Sources */,
				17B5177B1FBB0DB700BB4DC0 /* ViewController.swift in Sources */,
				17B517791FBB0DB700BB4DC0 /* AppDelegate.swift in Sources */,
			);
			runOnlyForDeploymentPostprocessing = 0;
		};
/* End PBXSourcesBuildPhase section */

/* Begin PBXVariantGroup section */
		17B5177C1FBB0DB700BB4DC0 /* Main.storyboard */ = {
			isa = PBXVariantGroup;
			children = (
				17B5177D1FBB0DB700BB4DC0 /* Base */,
			);
			name = Main.storyboard;
			sourceTree = "<group>";
		};
		17B517811FBB0DB700BB4DC0 /* LaunchScreen.storyboard */ = {
			isa = PBXVariantGroup;
			children = (
				17B517821FBB0DB700BB4DC0 /* Base */,
			);
			name = LaunchScreen.storyboard;
			sourceTree = "<group>";
		};
/* End PBXVariantGroup section */

/* Begin XCBuildConfiguration section */
		17B517851FBB0DB700BB4DC0 /* Debug */ = {
			isa = XCBuildConfiguration;
			buildSettings = {
				ALWAYS_SEARCH_USER_PATHS = NO;
				CLANG_ANALYZER_NONNULL = YES;
				CLANG_ANALYZER_NUMBER_OBJECT_CONVERSION = YES_AGGRESSIVE;
				CLANG_CXX_LANGUAGE_STANDARD = "gnu++14";
				CLANG_CXX_LIBRARY = "libc++";
				CLANG_ENABLE_MODULES = YES;
				CLANG_ENABLE_OBJC_ARC = YES;
				CLANG_WARN_BLOCK_CAPTURE_AUTORELEASING = YES;
				CLANG_WARN_BOOL_CONVERSION = YES;
				CLANG_WARN_COMMA = YES;
				CLANG_WARN_CONSTANT_CONVERSION = YES;
				CLANG_WARN_DIRECT_OBJC_ISA_USAGE = YES_ERROR;
				CLANG_WARN_DOCUMENTATION_COMMENTS = YES;
				CLANG_WARN_EMPTY_BODY = YES;
				CLANG_WARN_ENUM_CONVERSION = YES;
				CLANG_WARN_INFINITE_RECURSION = YES;
				CLANG_WARN_INT_CONVERSION = YES;
				CLANG_WARN_NON_LITERAL_NULL_CONVERSION = YES;
				CLANG_WARN_OBJC_LITERAL_CONVERSION = YES;
				CLANG_WARN_OBJC_ROOT_CLASS = YES_ERROR;
				CLANG_WARN_RANGE_LOOP_ANALYSIS = YES;
				CLANG_WARN_STRICT_PROTOTYPES = YES;
				CLANG_WARN_SUSPICIOUS_MOVE = YES;
				CLANG_WARN_UNGUARDED_AVAILABILITY = YES_AGGRESSIVE;
				CLANG_WARN_UNREACHABLE_CODE = YES;
				CLANG_WARN__DUPLICATE_METHOD_MATCH = YES;
				CODE_SIGN_IDENTITY = "iPhone Developer";
				COPY_PHASE_STRIP = NO;
				DEBUG_INFORMATION_FORMAT = dwarf;
				ENABLE_STRICT_OBJC_MSGSEND = YES;
				ENABLE_TESTABILITY = YES;
				GCC_C_LANGUAGE_STANDARD = gnu11;
				GCC_DYNAMIC_NO_PIC = NO;
				GCC_NO_COMMON_BLOCKS = YES;
				GCC_OPTIMIZATION_LEVEL = 0;
				GCC_PREPROCESSOR_DEFINITIONS = (
					"DEBUG=1",
					"$(inherited)",
				);
				GCC_WARN_64_TO_32_BIT_CONVERSION = YES;
				GCC_WARN_ABOUT_RETURN_TYPE = YES_ERROR;
				GCC_WARN_UNDECLARED_SELECTOR = YES;
				GCC_WARN_UNINITIALIZED_AUTOS = YES_AGGRESSIVE;
				GCC_WARN_UNUSED_FUNCTION = YES;
				GCC_WARN_UNUSED_VARIABLE = YES;
				IPHONEOS_DEPLOYMENT_TARGET = 11.1;
				MTL_ENABLE_DEBUG_INFO = YES;
				ONLY_ACTIVE_ARCH = YES;
				SDKROOT = iphoneos;
				SWIFT_ACTIVE_COMPILATION_CONDITIONS = DEBUG;
				SWIFT_OPTIMIZATION_LEVEL = "-Onone";
			};
			name = Debug;
		};
		17B517861FBB0DB700BB4DC0 /* Release */ = {
			isa = XCBuildConfiguration;
			buildSettings = {
				ALWAYS_SEARCH_USER_PATHS = NO;
				CLANG_ANALYZER_NONNULL = YES;
				CLANG_ANALYZER_NUMBER_OBJECT_CONVERSION = YES_AGGRESSIVE;
				CLANG_CXX_LANGUAGE_STANDARD = "gnu++14";
				CLANG_CXX_LIBRARY = "libc++";
				CLANG_ENABLE_MODULES = YES;
				CLANG_ENABLE_OBJC_ARC = YES;
				CLANG_WARN_BLOCK_CAPTURE_AUTORELEASING = YES;
				CLANG_WARN_BOOL_CONVERSION = YES;
				CLANG_WARN_COMMA = YES;
				CLANG_WARN_CONSTANT_CONVERSION = YES;
				CLANG_WARN_DIRECT_OBJC_ISA_USAGE = YES_ERROR;
				CLANG_WARN_DOCUMENTATION_COMMENTS = YES;
				CLANG_WARN_EMPTY_BODY = YES;
				CLANG_WARN_ENUM_CONVERSION = YES;
				CLANG_WARN_INFINITE_RECURSION = YES;
				CLANG_WARN_INT_CONVERSION = YES;
				CLANG_WARN_NON_LITERAL_NULL_CONVERSION = YES;
				CLANG_WARN_OBJC_LITERAL_CONVERSION = YES;
				CLANG_WARN_OBJC_ROOT_CLASS = YES_ERROR;
				CLANG_WARN_RANGE_LOOP_ANALYSIS = YES;
				CLANG_WARN_STRICT_PROTOTYPES = YES;
				CLANG_WARN_SUSPICIOUS_MOVE = YES;
				CLANG_WARN_UNGUARDED_AVAILABILITY = YES_AGGRESSIVE;
				CLANG_WARN_UNREACHABLE_CODE = YES;
				CLANG_WARN__DUPLICATE_METHOD_MATCH = YES;
				CODE_SIGN_IDENTITY = "iPhone Developer";
				COPY_PHASE_STRIP = NO;
				DEBUG_INFORMATION_FORMAT = "dwarf-with-dsym";
				ENABLE_NS_ASSERTIONS = NO;
				ENABLE_STRICT_OBJC_MSGSEND = YES;
				GCC_C_LANGUAGE_STANDARD = gnu11;
				GCC_NO_COMMON_BLOCKS = YES;
				GCC_WARN_64_TO_32_BIT_CONVERSION = YES;
				GCC_WARN_ABOUT_RETURN_TYPE = YES_ERROR;
				GCC_WARN_UNDECLARED_SELECTOR = YES;
				GCC_WARN_UNINITIALIZED_AUTOS = YES_AGGRESSIVE;
				GCC_WARN_UNUSED_FUNCTION = YES;
				GCC_WARN_UNUSED_VARIABLE = YES;
				IPHONEOS_DEPLOYMENT_TARGET = 11.1;
				MTL_ENABLE_DEBUG_INFO = NO;
				SDKROOT = iphoneos;
				SWIFT_OPTIMIZATION_LEVEL = "-Owholemodule";
				VALIDATE_PRODUCT = YES;
			};
			name = Release;
		};
		17B517881FBB0DB700BB4DC0 /* Debug */ = {
			isa = XCBuildConfiguration;
			baseConfigurationReference = 7926551FCBF62EF017943271 /* Pods-WeatherFive.debug.xcconfig */;
			buildSettings = {
				ASSETCATALOG_COMPILER_APPICON_NAME = AppIcon;
				CODE_SIGN_STYLE = Automatic;
				INFOPLIST_FILE = WeatherFive/Info.plist;
				LD_RUNPATH_SEARCH_PATHS = "$(inherited) @executable_path/Frameworks";
				PRODUCT_BUNDLE_IDENTIFIER = com.nikolasomelianov.WeatherFive;
				PRODUCT_NAME = "$(TARGET_NAME)";
				SWIFT_VERSION = 4.0;
				TARGETED_DEVICE_FAMILY = 1;
			};
			name = Debug;
		};
		17B517891FBB0DB700BB4DC0 /* Release */ = {
			isa = XCBuildConfiguration;
			baseConfigurationReference = E5A153755AC9CF5D778C45CC /* Pods-WeatherFive.release.xcconfig */;
			buildSettings = {
				ASSETCATALOG_COMPILER_APPICON_NAME = AppIcon;
				CODE_SIGN_STYLE = Automatic;
				INFOPLIST_FILE = WeatherFive/Info.plist;
				LD_RUNPATH_SEARCH_PATHS = "$(inherited) @executable_path/Frameworks";
				PRODUCT_BUNDLE_IDENTIFIER = com.nikolasomelianov.WeatherFive;
				PRODUCT_NAME = "$(TARGET_NAME)";
				SWIFT_VERSION = 4.0;
				TARGETED_DEVICE_FAMILY = 1;
			};
			name = Release;
		};
/* End XCBuildConfiguration section */

/* Begin XCConfigurationList section */
		17B517701FBB0DB600BB4DC0 /* Build configuration list for PBXProject "WeatherFive" */ = {
			isa = XCConfigurationList;
			buildConfigurations = (
				17B517851FBB0DB700BB4DC0 /* Debug */,
				17B517861FBB0DB700BB4DC0 /* Release */,
			);
			defaultConfigurationIsVisible = 0;
			defaultConfigurationName = Release;
		};
		17B517871FBB0DB700BB4DC0 /* Build configuration list for PBXNativeTarget "WeatherFive" */ = {
			isa = XCConfigurationList;
			buildConfigurations = (
				17B517881FBB0DB700BB4DC0 /* Debug */,
				17B517891FBB0DB700BB4DC0 /* Release */,
			);
			defaultConfigurationIsVisible = 0;
			defaultConfigurationName = Release;
		};
/* End XCConfigurationList section */
	};
	rootObject = 17B5176D1FBB0DB600BB4DC0 /* Project object */;
}
